// !$*UTF8*$!
{
	archiveVersion = 1;
	classes = {
	};
	objectVersion = 46;
	objects = {

/* Begin PBXBuildFile section */
		98032267189FB9870077F951 /* RUClass.m in Sources */ = {isa = PBXBuildFile; fileRef = 98032266189FB9870077F951 /* RUClass.m */; };
		981CE47C1863D81F00BF2EF5 /* RUGradeViewController.m in Sources */ = {isa = PBXBuildFile; fileRef = 981CE47B1863D81E00BF2EF5 /* RUGradeViewController.m */; };
		9821678D1857B01300897A12 /* RUAssignment.m in Sources */ = {isa = PBXBuildFile; fileRef = 9821678C1857B01300897A12 /* RUAssignment.m */; };
		9821AA55185A3AAD00EF792D /* Favorites@2x.png in Resources */ = {isa = PBXBuildFile; fileRef = 9821AA54185A3AAD00EF792D /* Favorites@2x.png */; };
		9821AA5B185A3B6500EF792D /* RUGradesTableViewController.m in Sources */ = {isa = PBXBuildFile; fileRef = 9821AA5A185A3B6500EF792D /* RUGradesTableViewController.m */; };
		9821AA5F185A3C5D00EF792D /* RUGradeCell.m in Sources */ = {isa = PBXBuildFile; fileRef = 9821AA5E185A3C5D00EF792D /* RUGradeCell.m */; };
		982C491E18538DC2006D78F4 /* Foundation.framework in Frameworks */ = {isa = PBXBuildFile; fileRef = 982C491D18538DC2006D78F4 /* Foundation.framework */; };
		982C492018538DC2006D78F4 /* CoreGraphics.framework in Frameworks */ = {isa = PBXBuildFile; fileRef = 982C491F18538DC2006D78F4 /* CoreGraphics.framework */; };
		982C492218538DC2006D78F4 /* UIKit.framework in Frameworks */ = {isa = PBXBuildFile; fileRef = 982C492118538DC2006D78F4 /* UIKit.framework */; };
		982C492818538DC2006D78F4 /* InfoPlist.strings in Resources */ = {isa = PBXBuildFile; fileRef = 982C492618538DC2006D78F4 /* InfoPlist.strings */; };
		982C492A18538DC2006D78F4 /* main.m in Sources */ = {isa = PBXBuildFile; fileRef = 982C492918538DC2006D78F4 /* main.m */; };
		982C492E18538DC2006D78F4 /* RUAppDelegate.m in Sources */ = {isa = PBXBuildFile; fileRef = 982C492D18538DC2006D78F4 /* RUAppDelegate.m */; };
		982C493118538DC2006D78F4 /* Main.storyboard in Resources */ = {isa = PBXBuildFile; fileRef = 982C492F18538DC2006D78F4 /* Main.storyboard */; };
		982C493618538DC2006D78F4 /* Images.xcassets in Resources */ = {isa = PBXBuildFile; fileRef = 982C493518538DC2006D78F4 /* Images.xcassets */; };
		982C493D18538DC2006D78F4 /* XCTest.framework in Frameworks */ = {isa = PBXBuildFile; fileRef = 982C493C18538DC2006D78F4 /* XCTest.framework */; };
		982C493E18538DC2006D78F4 /* Foundation.framework in Frameworks */ = {isa = PBXBuildFile; fileRef = 982C491D18538DC2006D78F4 /* Foundation.framework */; };
		982C493F18538DC2006D78F4 /* UIKit.framework in Frameworks */ = {isa = PBXBuildFile; fileRef = 982C492118538DC2006D78F4 /* UIKit.framework */; };
		982C494718538DC2006D78F4 /* InfoPlist.strings in Resources */ = {isa = PBXBuildFile; fileRef = 982C494518538DC2006D78F4 /* InfoPlist.strings */; };
		982C494918538DC2006D78F4 /* MyRUTests.m in Sources */ = {isa = PBXBuildFile; fileRef = 982C494818538DC2006D78F4 /* MyRUTests.m */; };
		9832D9011863F5C8007DB8CF /* RUMenuViewController.m in Sources */ = {isa = PBXBuildFile; fileRef = 9832D9001863F5C8007DB8CF /* RUMenuViewController.m */; };
		9832D9031863F70A007DB8CF /* hnifapar@2x.png in Resources */ = {isa = PBXBuildFile; fileRef = 9832D9021863F70A007DB8CF /* hnifapar@2x.png */; };
		9834D5EE185CC29A008F2061 /* greencheck.png in Resources */ = {isa = PBXBuildFile; fileRef = 9834D5ED185CC29A008F2061 /* greencheck.png */; };
		983500D81858C33D0006FEF8 /* RUTabBarController.m in Sources */ = {isa = PBXBuildFile; fileRef = 983500D71858C33C0006FEF8 /* RUTabBarController.m */; };
		983FD39F185A8D740024B714 /* logout@2x.png in Resources */ = {isa = PBXBuildFile; fileRef = 983FD39E185A8D740024B714 /* logout@2x.png */; };
		98935499185A7E8E0023FB72 /* Files@2x.png in Resources */ = {isa = PBXBuildFile; fileRef = 98935498185A7E8E0023FB72 /* Files@2x.png */; };
		9896119E185D576F0014FE99 /* RUAssignmentViewController.m in Sources */ = {isa = PBXBuildFile; fileRef = 9896119D185D576F0014FE99 /* RUAssignmentViewController.m */; };
		989611E3185E29DA0014FE99 /* RUCustomURLProtocol.m in Sources */ = {isa = PBXBuildFile; fileRef = 989611E2185E29DA0014FE99 /* RUCustomURLProtocol.m */; };
		98A7D9641859274D003AB170 /* RULoginViewController.m in Sources */ = {isa = PBXBuildFile; fileRef = 98A7D9631859274D003AB170 /* RULoginViewController.m */; };
		98A7D96618592945003AB170 /* centered_white.png in Resources */ = {isa = PBXBuildFile; fileRef = 98A7D96518592945003AB170 /* centered_white.png */; };
		98B9AB2518676F9700CB6400 /* default_white.png in Resources */ = {isa = PBXBuildFile; fileRef = 98B9AB2418676F9700CB6400 /* default_white.png */; };
		98CE65EE185A90DE007EFE90 /* RUAssignmentTableViewController.m in Sources */ = {isa = PBXBuildFile; fileRef = 98CE65ED185A90DE007EFE90 /* RUAssignmentTableViewController.m */; };
		98CE65F1185A916B007EFE90 /* RUAssignmentCell.m in Sources */ = {isa = PBXBuildFile; fileRef = 98CE65F0185A916B007EFE90 /* RUAssignmentCell.m */; };
		98E1944A1857C397007F9990 /* RUGrade.m in Sources */ = {isa = PBXBuildFile; fileRef = 98E194491857C397007F9990 /* RUGrade.m */; };
		98E4632F185686390004E7FF /* TFHpple.m in Sources */ = {isa = PBXBuildFile; fileRef = 98E4632A185686390004E7FF /* TFHpple.m */; };
		98E46330185686390004E7FF /* TFHppleElement.m in Sources */ = {isa = PBXBuildFile; fileRef = 98E4632C185686390004E7FF /* TFHppleElement.m */; };
		98E46331185686390004E7FF /* XPathQuery.m in Sources */ = {isa = PBXBuildFile; fileRef = 98E4632E185686390004E7FF /* XPathQuery.m */; };
		98E46333185686BD0004E7FF /* libxml2.dylib in Frameworks */ = {isa = PBXBuildFile; fileRef = 98E46332185686BD0004E7FF /* libxml2.dylib */; };
		98E46336185688A30004E7FF /* RUData.m in Sources */ = {isa = PBXBuildFile; fileRef = 98E46335185688A30004E7FF /* RUData.m */; };
/* End PBXBuildFile section */

/* Begin PBXContainerItemProxy section */
		982C494018538DC2006D78F4 /* PBXContainerItemProxy */ = {
			isa = PBXContainerItemProxy;
			containerPortal = 982C491218538DC2006D78F4 /* Project object */;
			proxyType = 1;
			remoteGlobalIDString = 982C491918538DC2006D78F4;
			remoteInfo = MyRU;
		};
/* End PBXContainerItemProxy section */

/* Begin PBXFileReference section */
		98032265189FB9870077F951 /* RUClass.h */ = {isa = PBXFileReference; fileEncoding = 4; lastKnownFileType = sourcecode.c.h; path = RUClass.h; sourceTree = "<group>"; };
		98032266189FB9870077F951 /* RUClass.m */ = {isa = PBXFileReference; fileEncoding = 4; lastKnownFileType = sourcecode.c.objc; path = RUClass.m; sourceTree = "<group>"; };
		981CE47A1863D81E00BF2EF5 /* RUGradeViewController.h */ = {isa = PBXFileReference; fileEncoding = 4; lastKnownFileType = sourcecode.c.h; path = RUGradeViewController.h; sourceTree = "<group>"; };
		981CE47B1863D81E00BF2EF5 /* RUGradeViewController.m */ = {isa = PBXFileReference; fileEncoding = 4; lastKnownFileType = sourcecode.c.objc; path = RUGradeViewController.m; sourceTree = "<group>"; };
		9821678B1857B01300897A12 /* RUAssignment.h */ = {isa = PBXFileReference; fileEncoding = 4; lastKnownFileType = sourcecode.c.h; path = RUAssignment.h; sourceTree = "<group>"; };
		9821678C1857B01300897A12 /* RUAssignment.m */ = {isa = PBXFileReference; fileEncoding = 4; lastKnownFileType = sourcecode.c.objc; path = RUAssignment.m; sourceTree = "<group>"; };
		9821AA54185A3AAD00EF792D /* Favorites@2x.png */ = {isa = PBXFileReference; lastKnownFileType = image.png; path = "Favorites@2x.png"; sourceTree = "<group>"; };
		9821AA59185A3B6500EF792D /* RUGradesTableViewController.h */ = {isa = PBXFileReference; fileEncoding = 4; lastKnownFileType = sourcecode.c.h; path = RUGradesTableViewController.h; sourceTree = "<group>"; };
		9821AA5A185A3B6500EF792D /* RUGradesTableViewController.m */ = {isa = PBXFileReference; fileEncoding = 4; lastKnownFileType = sourcecode.c.objc; path = RUGradesTableViewController.m; sourceTree = "<group>"; };
		9821AA5D185A3C5D00EF792D /* RUGradeCell.h */ = {isa = PBXFileReference; fileEncoding = 4; lastKnownFileType = sourcecode.c.h; path = RUGradeCell.h; sourceTree = "<group>"; };
		9821AA5E185A3C5D00EF792D /* RUGradeCell.m */ = {isa = PBXFileReference; fileEncoding = 4; lastKnownFileType = sourcecode.c.objc; path = RUGradeCell.m; sourceTree = "<group>"; };
		982C491A18538DC2006D78F4 /* MyRU.app */ = {isa = PBXFileReference; explicitFileType = wrapper.application; includeInIndex = 0; path = MyRU.app; sourceTree = BUILT_PRODUCTS_DIR; };
		982C491D18538DC2006D78F4 /* Foundation.framework */ = {isa = PBXFileReference; lastKnownFileType = wrapper.framework; name = Foundation.framework; path = System/Library/Frameworks/Foundation.framework; sourceTree = SDKROOT; };
		982C491F18538DC2006D78F4 /* CoreGraphics.framework */ = {isa = PBXFileReference; lastKnownFileType = wrapper.framework; name = CoreGraphics.framework; path = System/Library/Frameworks/CoreGraphics.framework; sourceTree = SDKROOT; };
		982C492118538DC2006D78F4 /* UIKit.framework */ = {isa = PBXFileReference; lastKnownFileType = wrapper.framework; name = UIKit.framework; path = System/Library/Frameworks/UIKit.framework; sourceTree = SDKROOT; };
		982C492518538DC2006D78F4 /* MyRU-Info.plist */ = {isa = PBXFileReference; lastKnownFileType = text.plist.xml; path = "MyRU-Info.plist"; sourceTree = "<group>"; };
		982C492718538DC2006D78F4 /* en */ = {isa = PBXFileReference; lastKnownFileType = text.plist.strings; name = en; path = en.lproj/InfoPlist.strings; sourceTree = "<group>"; };
		982C492918538DC2006D78F4 /* main.m */ = {isa = PBXFileReference; lastKnownFileType = sourcecode.c.objc; path = main.m; sourceTree = "<group>"; };
		982C492B18538DC2006D78F4 /* MyRU-Prefix.pch */ = {isa = PBXFileReference; lastKnownFileType = sourcecode.c.h; path = "MyRU-Prefix.pch"; sourceTree = "<group>"; };
		982C492C18538DC2006D78F4 /* RUAppDelegate.h */ = {isa = PBXFileReference; lastKnownFileType = sourcecode.c.h; path = RUAppDelegate.h; sourceTree = "<group>"; };
		982C492D18538DC2006D78F4 /* RUAppDelegate.m */ = {isa = PBXFileReference; lastKnownFileType = sourcecode.c.objc; path = RUAppDelegate.m; sourceTree = "<group>"; };
		982C493018538DC2006D78F4 /* Base */ = {isa = PBXFileReference; lastKnownFileType = file.storyboard; name = Base; path = Base.lproj/Main.storyboard; sourceTree = "<group>"; };
		982C493518538DC2006D78F4 /* Images.xcassets */ = {isa = PBXFileReference; lastKnownFileType = folder.assetcatalog; path = Images.xcassets; sourceTree = "<group>"; };
		982C493B18538DC2006D78F4 /* MyRUTests.xctest */ = {isa = PBXFileReference; explicitFileType = wrapper.cfbundle; includeInIndex = 0; path = MyRUTests.xctest; sourceTree = BUILT_PRODUCTS_DIR; };
		982C493C18538DC2006D78F4 /* XCTest.framework */ = {isa = PBXFileReference; lastKnownFileType = wrapper.framework; name = XCTest.framework; path = Library/Frameworks/XCTest.framework; sourceTree = DEVELOPER_DIR; };
		982C494418538DC2006D78F4 /* MyRUTests-Info.plist */ = {isa = PBXFileReference; lastKnownFileType = text.plist.xml; path = "MyRUTests-Info.plist"; sourceTree = "<group>"; };
		982C494618538DC2006D78F4 /* en */ = {isa = PBXFileReference; lastKnownFileType = text.plist.strings; name = en; path = en.lproj/InfoPlist.strings; sourceTree = "<group>"; };
		982C494818538DC2006D78F4 /* MyRUTests.m */ = {isa = PBXFileReference; lastKnownFileType = sourcecode.c.objc; path = MyRUTests.m; sourceTree = "<group>"; };
		9832D8FF1863F5C8007DB8CF /* RUMenuViewController.h */ = {isa = PBXFileReference; fileEncoding = 4; lastKnownFileType = sourcecode.c.h; path = RUMenuViewController.h; sourceTree = "<group>"; };
		9832D9001863F5C8007DB8CF /* RUMenuViewController.m */ = {isa = PBXFileReference; fileEncoding = 4; lastKnownFileType = sourcecode.c.objc; path = RUMenuViewController.m; sourceTree = "<group>"; };
		9832D9021863F70A007DB8CF /* hnifapar@2x.png */ = {isa = PBXFileReference; lastKnownFileType = image.png; path = "hnifapar@2x.png"; sourceTree = "<group>"; };
		9834D5ED185CC29A008F2061 /* greencheck.png */ = {isa = PBXFileReference; lastKnownFileType = image.png; path = greencheck.png; sourceTree = "<group>"; };
		983500D61858C33C0006FEF8 /* RUTabBarController.h */ = {isa = PBXFileReference; fileEncoding = 4; lastKnownFileType = sourcecode.c.h; path = RUTabBarController.h; sourceTree = "<group>"; };
		983500D71858C33C0006FEF8 /* RUTabBarController.m */ = {isa = PBXFileReference; fileEncoding = 4; lastKnownFileType = sourcecode.c.objc; path = RUTabBarController.m; sourceTree = "<group>"; };
		983FD39E185A8D740024B714 /* logout@2x.png */ = {isa = PBXFileReference; lastKnownFileType = image.png; path = "logout@2x.png"; sourceTree = "<group>"; };
		98935498185A7E8E0023FB72 /* Files@2x.png */ = {isa = PBXFileReference; lastKnownFileType = image.png; path = "Files@2x.png"; sourceTree = "<group>"; };
		9896119C185D576F0014FE99 /* RUAssignmentViewController.h */ = {isa = PBXFileReference; fileEncoding = 4; lastKnownFileType = sourcecode.c.h; path = RUAssignmentViewController.h; sourceTree = "<group>"; };
		9896119D185D576F0014FE99 /* RUAssignmentViewController.m */ = {isa = PBXFileReference; fileEncoding = 4; lastKnownFileType = sourcecode.c.objc; path = RUAssignmentViewController.m; sourceTree = "<group>"; };
		989611E1185E29DA0014FE99 /* RUCustomURLProtocol.h */ = {isa = PBXFileReference; fileEncoding = 4; lastKnownFileType = sourcecode.c.h; path = RUCustomURLProtocol.h; sourceTree = "<group>"; };
		989611E2185E29DA0014FE99 /* RUCustomURLProtocol.m */ = {isa = PBXFileReference; fileEncoding = 4; lastKnownFileType = sourcecode.c.objc; path = RUCustomURLProtocol.m; sourceTree = "<group>"; };
		98A7D9621859274D003AB170 /* RULoginViewController.h */ = {isa = PBXFileReference; fileEncoding = 4; lastKnownFileType = sourcecode.c.h; path = RULoginViewController.h; sourceTree = "<group>"; };
		98A7D9631859274D003AB170 /* RULoginViewController.m */ = {isa = PBXFileReference; fileEncoding = 4; lastKnownFileType = sourcecode.c.objc; path = RULoginViewController.m; sourceTree = "<group>"; };
		98A7D96518592945003AB170 /* centered_white.png */ = {isa = PBXFileReference; lastKnownFileType = image.png; path = centered_white.png; sourceTree = "<group>"; };
		98B9AB2418676F9700CB6400 /* default_white.png */ = {isa = PBXFileReference; lastKnownFileType = image.png; path = default_white.png; sourceTree = "<group>"; };
		98CE65EC185A90DE007EFE90 /* RUAssignmentTableViewController.h */ = {isa = PBXFileReference; fileEncoding = 4; lastKnownFileType = sourcecode.c.h; path = RUAssignmentTableViewController.h; sourceTree = "<group>"; };
		98CE65ED185A90DE007EFE90 /* RUAssignmentTableViewController.m */ = {isa = PBXFileReference; fileEncoding = 4; lastKnownFileType = sourcecode.c.objc; path = RUAssignmentTableViewController.m; sourceTree = "<group>"; };
		98CE65EF185A916B007EFE90 /* RUAssignmentCell.h */ = {isa = PBXFileReference; fileEncoding = 4; lastKnownFileType = sourcecode.c.h; path = RUAssignmentCell.h; sourceTree = "<group>"; };
		98CE65F0185A916B007EFE90 /* RUAssignmentCell.m */ = {isa = PBXFileReference; fileEncoding = 4; lastKnownFileType = sourcecode.c.objc; path = RUAssignmentCell.m; sourceTree = "<group>"; };
		98E194481857C397007F9990 /* RUGrade.h */ = {isa = PBXFileReference; fileEncoding = 4; lastKnownFileType = sourcecode.c.h; path = RUGrade.h; sourceTree = "<group>"; };
		98E194491857C397007F9990 /* RUGrade.m */ = {isa = PBXFileReference; fileEncoding = 4; lastKnownFileType = sourcecode.c.objc; path = RUGrade.m; sourceTree = "<group>"; };
		98E46329185686390004E7FF /* TFHpple.h */ = {isa = PBXFileReference; fileEncoding = 4; lastKnownFileType = sourcecode.c.h; name = TFHpple.h; path = hpple/TFHpple.h; sourceTree = "<group>"; };
		98E4632A185686390004E7FF /* TFHpple.m */ = {isa = PBXFileReference; fileEncoding = 4; lastKnownFileType = sourcecode.c.objc; name = TFHpple.m; path = hpple/TFHpple.m; sourceTree = "<group>"; };
		98E4632B185686390004E7FF /* TFHppleElement.h */ = {isa = PBXFileReference; fileEncoding = 4; lastKnownFileType = sourcecode.c.h; name = TFHppleElement.h; path = hpple/TFHppleElement.h; sourceTree = "<group>"; };
		98E4632C185686390004E7FF /* TFHppleElement.m */ = {isa = PBXFileReference; fileEncoding = 4; lastKnownFileType = sourcecode.c.objc; name = TFHppleElement.m; path = hpple/TFHppleElement.m; sourceTree = "<group>"; };
		98E4632D185686390004E7FF /* XPathQuery.h */ = {isa = PBXFileReference; fileEncoding = 4; lastKnownFileType = sourcecode.c.h; name = XPathQuery.h; path = hpple/XPathQuery.h; sourceTree = "<group>"; };
		98E4632E185686390004E7FF /* XPathQuery.m */ = {isa = PBXFileReference; fileEncoding = 4; lastKnownFileType = sourcecode.c.objc; name = XPathQuery.m; path = hpple/XPathQuery.m; sourceTree = "<group>"; };
		98E46332185686BD0004E7FF /* libxml2.dylib */ = {isa = PBXFileReference; lastKnownFileType = "compiled.mach-o.dylib"; name = libxml2.dylib; path = usr/lib/libxml2.dylib; sourceTree = SDKROOT; };
		98E46334185688A30004E7FF /* RUData.h */ = {isa = PBXFileReference; fileEncoding = 4; lastKnownFileType = sourcecode.c.h; path = RUData.h; sourceTree = "<group>"; };
		98E46335185688A30004E7FF /* RUData.m */ = {isa = PBXFileReference; fileEncoding = 4; lastKnownFileType = sourcecode.c.objc; path = RUData.m; sourceTree = "<group>"; };
/* End PBXFileReference section */

/* Begin PBXFrameworksBuildPhase section */
		982C491718538DC2006D78F4 /* Frameworks */ = {
			isa = PBXFrameworksBuildPhase;
			buildActionMask = 2147483647;
			files = (
				98E46333185686BD0004E7FF /* libxml2.dylib in Frameworks */,
				982C492018538DC2006D78F4 /* CoreGraphics.framework in Frameworks */,
				982C492218538DC2006D78F4 /* UIKit.framework in Frameworks */,
				982C491E18538DC2006D78F4 /* Foundation.framework in Frameworks */,
			);
			runOnlyForDeploymentPostprocessing = 0;
		};
		982C493818538DC2006D78F4 /* Frameworks */ = {
			isa = PBXFrameworksBuildPhase;
			buildActionMask = 2147483647;
			files = (
				982C493D18538DC2006D78F4 /* XCTest.framework in Frameworks */,
				982C493F18538DC2006D78F4 /* UIKit.framework in Frameworks */,
				982C493E18538DC2006D78F4 /* Foundation.framework in Frameworks */,
			);
			runOnlyForDeploymentPostprocessing = 0;
		};
/* End PBXFrameworksBuildPhase section */

/* Begin PBXGroup section */
		9821678A1857AFF500897A12 /* Model */ = {
			isa = PBXGroup;
			children = (
				98E194481857C397007F9990 /* RUGrade.h */,
				98E194491857C397007F9990 /* RUGrade.m */,
				9821678B1857B01300897A12 /* RUAssignment.h */,
				9821678C1857B01300897A12 /* RUAssignment.m */,
				98032265189FB9870077F951 /* RUClass.h */,
				98032266189FB9870077F951 /* RUClass.m */,
			);
			name = Model;
			sourceTree = "<group>";
		};
		9821AA5C185A3C3200EF792D /* Cells */ = {
			isa = PBXGroup;
			children = (
				98CE65EF185A916B007EFE90 /* RUAssignmentCell.h */,
				98CE65F0185A916B007EFE90 /* RUAssignmentCell.m */,
				9821AA5D185A3C5D00EF792D /* RUGradeCell.h */,
				9821AA5E185A3C5D00EF792D /* RUGradeCell.m */,
			);
			name = Cells;
			sourceTree = "<group>";
		};
		982C491118538DC2006D78F4 = {
			isa = PBXGroup;
			children = (
				982C492318538DC2006D78F4 /* MyRU */,
				982C494218538DC2006D78F4 /* MyRUTests */,
				982C491C18538DC2006D78F4 /* Frameworks */,
				982C491B18538DC2006D78F4 /* Products */,
			);
			sourceTree = "<group>";
		};
		982C491B18538DC2006D78F4 /* Products */ = {
			isa = PBXGroup;
			children = (
				982C491A18538DC2006D78F4 /* MyRU.app */,
				982C493B18538DC2006D78F4 /* MyRUTests.xctest */,
			);
			name = Products;
			sourceTree = "<group>";
		};
		982C491C18538DC2006D78F4 /* Frameworks */ = {
			isa = PBXGroup;
			children = (
				98E46332185686BD0004E7FF /* libxml2.dylib */,
				982C491D18538DC2006D78F4 /* Foundation.framework */,
				982C491F18538DC2006D78F4 /* CoreGraphics.framework */,
				982C492118538DC2006D78F4 /* UIKit.framework */,
				982C493C18538DC2006D78F4 /* XCTest.framework */,
			);
			name = Frameworks;
			sourceTree = "<group>";
		};
		982C492318538DC2006D78F4 /* MyRU */ = {
			isa = PBXGroup;
			children = (
				982C492C18538DC2006D78F4 /* RUAppDelegate.h */,
				982C492D18538DC2006D78F4 /* RUAppDelegate.m */,
				982C492F18538DC2006D78F4 /* Main.storyboard */,
				98E46334185688A30004E7FF /* RUData.h */,
				98E46335185688A30004E7FF /* RUData.m */,
				98A7D9621859274D003AB170 /* RULoginViewController.h */,
				98A7D9631859274D003AB170 /* RULoginViewController.m */,
				98CE65EC185A90DE007EFE90 /* RUAssignmentTableViewController.h */,
				98CE65ED185A90DE007EFE90 /* RUAssignmentTableViewController.m */,
				9821AA59185A3B6500EF792D /* RUGradesTableViewController.h */,
				9821AA5A185A3B6500EF792D /* RUGradesTableViewController.m */,
				983500D61858C33C0006FEF8 /* RUTabBarController.h */,
				983500D71858C33C0006FEF8 /* RUTabBarController.m */,
				9896119C185D576F0014FE99 /* RUAssignmentViewController.h */,
				9896119D185D576F0014FE99 /* RUAssignmentViewController.m */,
				981CE47A1863D81E00BF2EF5 /* RUGradeViewController.h */,
				981CE47B1863D81E00BF2EF5 /* RUGradeViewController.m */,
				9832D8FF1863F5C8007DB8CF /* RUMenuViewController.h */,
				9832D9001863F5C8007DB8CF /* RUMenuViewController.m */,
				982C493518538DC2006D78F4 /* Images.xcassets */,
				989611E0185E29A70014FE99 /* Custom URL Protocol */,
				9821678A1857AFF500897A12 /* Model */,
				9821AA5C185A3C3200EF792D /* Cells */,
				98E46328185686080004E7FF /* hpple */,
				98E194471857C1CA007F9990 /* Images */,
				982C492418538DC2006D78F4 /* Supporting Files */,
			);
			path = MyRU;
			sourceTree = "<group>";
		};
		982C492418538DC2006D78F4 /* Supporting Files */ = {
			isa = PBXGroup;
			children = (
				982C492518538DC2006D78F4 /* MyRU-Info.plist */,
				982C492618538DC2006D78F4 /* InfoPlist.strings */,
				982C492918538DC2006D78F4 /* main.m */,
				982C492B18538DC2006D78F4 /* MyRU-Prefix.pch */,
			);
			name = "Supporting Files";
			sourceTree = "<group>";
		};
		982C494218538DC2006D78F4 /* MyRUTests */ = {
			isa = PBXGroup;
			children = (
				982C494818538DC2006D78F4 /* MyRUTests.m */,
				982C494318538DC2006D78F4 /* Supporting Files */,
			);
			path = MyRUTests;
			sourceTree = "<group>";
		};
		982C494318538DC2006D78F4 /* Supporting Files */ = {
			isa = PBXGroup;
			children = (
				982C494418538DC2006D78F4 /* MyRUTests-Info.plist */,
				982C494518538DC2006D78F4 /* InfoPlist.strings */,
			);
			name = "Supporting Files";
			sourceTree = "<group>";
		};
		989611E0185E29A70014FE99 /* Custom URL Protocol */ = {
			isa = PBXGroup;
			children = (
				989611E1185E29DA0014FE99 /* RUCustomURLProtocol.h */,
				989611E2185E29DA0014FE99 /* RUCustomURLProtocol.m */,
			);
			name = "Custom URL Protocol";
			sourceTree = "<group>";
		};
		98E194471857C1CA007F9990 /* Images */ = {
			isa = PBXGroup;
			children = (
				98B9AB2418676F9700CB6400 /* default_white.png */,
				9832D9021863F70A007DB8CF /* hnifapar@2x.png */,
				9834D5ED185CC29A008F2061 /* greencheck.png */,
				983FD39E185A8D740024B714 /* logout@2x.png */,
				98935498185A7E8E0023FB72 /* Files@2x.png */,
				9821AA54185A3AAD00EF792D /* Favorites@2x.png */,
				98A7D96518592945003AB170 /* centered_white.png */,
			);
			name = Images;
			sourceTree = "<group>";
		};
		98E46328185686080004E7FF /* hpple */ = {
			isa = PBXGroup;
			children = (
				98E46329185686390004E7FF /* TFHpple.h */,
				98E4632A185686390004E7FF /* TFHpple.m */,
				98E4632B185686390004E7FF /* TFHppleElement.h */,
				98E4632C185686390004E7FF /* TFHppleElement.m */,
				98E4632D185686390004E7FF /* XPathQuery.h */,
				98E4632E185686390004E7FF /* XPathQuery.m */,
			);
			name = hpple;
			sourceTree = "<group>";
		};
/* End PBXGroup section */

/* Begin PBXNativeTarget section */
		982C491918538DC2006D78F4 /* MyRU */ = {
			isa = PBXNativeTarget;
			buildConfigurationList = 982C494C18538DC2006D78F4 /* Build configuration list for PBXNativeTarget "MyRU" */;
			buildPhases = (
				982C491618538DC2006D78F4 /* Sources */,
				982C491718538DC2006D78F4 /* Frameworks */,
				982C491818538DC2006D78F4 /* Resources */,
			);
			buildRules = (
			);
			dependencies = (
			);
			name = MyRU;
			productName = MyRU;
			productReference = 982C491A18538DC2006D78F4 /* MyRU.app */;
			productType = "com.apple.product-type.application";
		};
		982C493A18538DC2006D78F4 /* MyRUTests */ = {
			isa = PBXNativeTarget;
			buildConfigurationList = 982C494F18538DC2006D78F4 /* Build configuration list for PBXNativeTarget "MyRUTests" */;
			buildPhases = (
				982C493718538DC2006D78F4 /* Sources */,
				982C493818538DC2006D78F4 /* Frameworks */,
				982C493918538DC2006D78F4 /* Resources */,
			);
			buildRules = (
			);
			dependencies = (
				982C494118538DC2006D78F4 /* PBXTargetDependency */,
			);
			name = MyRUTests;
			productName = MyRUTests;
			productReference = 982C493B18538DC2006D78F4 /* MyRUTests.xctest */;
			productType = "com.apple.product-type.bundle.unit-test";
		};
/* End PBXNativeTarget section */

/* Begin PBXProject section */
		982C491218538DC2006D78F4 /* Project object */ = {
			isa = PBXProject;
			attributes = {
				CLASSPREFIX = RU;
				LastUpgradeCheck = 0500;
				ORGANIZATIONNAME = "Björn Orri Sæmundsson";
				TargetAttributes = {
					982C491918538DC2006D78F4 = {
						DevelopmentTeam = 5762VEA4LK;
					};
					982C493A18538DC2006D78F4 = {
						TestTargetID = 982C491918538DC2006D78F4;
					};
				};
			};
			buildConfigurationList = 982C491518538DC2006D78F4 /* Build configuration list for PBXProject "MyRU" */;
			compatibilityVersion = "Xcode 3.2";
			developmentRegion = English;
			hasScannedForEncodings = 0;
			knownRegions = (
				en,
				Base,
			);
			mainGroup = 982C491118538DC2006D78F4;
			productRefGroup = 982C491B18538DC2006D78F4 /* Products */;
			projectDirPath = "";
			projectRoot = "";
			targets = (
				982C491918538DC2006D78F4 /* MyRU */,
				982C493A18538DC2006D78F4 /* MyRUTests */,
			);
		};
/* End PBXProject section */

/* Begin PBXResourcesBuildPhase section */
		982C491818538DC2006D78F4 /* Resources */ = {
			isa = PBXResourcesBuildPhase;
			buildActionMask = 2147483647;
			files = (
				9834D5EE185CC29A008F2061 /* greencheck.png in Resources */,
				98B9AB2518676F9700CB6400 /* default_white.png in Resources */,
				9832D9031863F70A007DB8CF /* hnifapar@2x.png in Resources */,
				9821AA55185A3AAD00EF792D /* Favorites@2x.png in Resources */,
				983FD39F185A8D740024B714 /* logout@2x.png in Resources */,
				982C493618538DC2006D78F4 /* Images.xcassets in Resources */,
				98935499185A7E8E0023FB72 /* Files@2x.png in Resources */,
				982C492818538DC2006D78F4 /* InfoPlist.strings in Resources */,
				982C493118538DC2006D78F4 /* Main.storyboard in Resources */,
				98A7D96618592945003AB170 /* centered_white.png in Resources */,
			);
			runOnlyForDeploymentPostprocessing = 0;
		};
		982C493918538DC2006D78F4 /* Resources */ = {
			isa = PBXResourcesBuildPhase;
			buildActionMask = 2147483647;
			files = (
				982C494718538DC2006D78F4 /* InfoPlist.strings in Resources */,
			);
			runOnlyForDeploymentPostprocessing = 0;
		};
/* End PBXResourcesBuildPhase section */

/* Begin PBXSourcesBuildPhase section */
		982C491618538DC2006D78F4 /* Sources */ = {
			isa = PBXSourcesBuildPhase;
			buildActionMask = 2147483647;
			files = (
				982C492A18538DC2006D78F4 /* main.m in Sources */,
				9821678D1857B01300897A12 /* RUAssignment.m in Sources */,
				98E46336185688A30004E7FF /* RUData.m in Sources */,
				982C492E18538DC2006D78F4 /* RUAppDelegate.m in Sources */,
				9832D9011863F5C8007DB8CF /* RUMenuViewController.m in Sources */,
				98E4632F185686390004E7FF /* TFHpple.m in Sources */,
				98CE65F1185A916B007EFE90 /* RUAssignmentCell.m in Sources */,
				98E46331185686390004E7FF /* XPathQuery.m in Sources */,
				981CE47C1863D81F00BF2EF5 /* RUGradeViewController.m in Sources */,
				989611E3185E29DA0014FE99 /* RUCustomURLProtocol.m in Sources */,
				983500D81858C33D0006FEF8 /* RUTabBarController.m in Sources */,
				9896119E185D576F0014FE99 /* RUAssignmentViewController.m in Sources */,
				9821AA5B185A3B6500EF792D /* RUGradesTableViewController.m in Sources */,
				98A7D9641859274D003AB170 /* RULoginViewController.m in Sources */,
				98E46330185686390004E7FF /* TFHppleElement.m in Sources */,
				98032267189FB9870077F951 /* RUClass.m in Sources */,
				9821AA5F185A3C5D00EF792D /* RUGradeCell.m in Sources */,
				98CE65EE185A90DE007EFE90 /* RUAssignmentTableViewController.m in Sources */,
				98E1944A1857C397007F9990 /* RUGrade.m in Sources */,
			);
			runOnlyForDeploymentPostprocessing = 0;
		};
		982C493718538DC2006D78F4 /* Sources */ = {
			isa = PBXSourcesBuildPhase;
			buildActionMask = 2147483647;
			files = (
				982C494918538DC2006D78F4 /* MyRUTests.m in Sources */,
			);
			runOnlyForDeploymentPostprocessing = 0;
		};
/* End PBXSourcesBuildPhase section */

/* Begin PBXTargetDependency section */
		982C494118538DC2006D78F4 /* PBXTargetDependency */ = {
			isa = PBXTargetDependency;
			target = 982C491918538DC2006D78F4 /* MyRU */;
			targetProxy = 982C494018538DC2006D78F4 /* PBXContainerItemProxy */;
		};
/* End PBXTargetDependency section */

/* Begin PBXVariantGroup section */
		982C492618538DC2006D78F4 /* InfoPlist.strings */ = {
			isa = PBXVariantGroup;
			children = (
				982C492718538DC2006D78F4 /* en */,
			);
			name = InfoPlist.strings;
			sourceTree = "<group>";
		};
		982C492F18538DC2006D78F4 /* Main.storyboard */ = {
			isa = PBXVariantGroup;
			children = (
				982C493018538DC2006D78F4 /* Base */,
			);
			name = Main.storyboard;
			sourceTree = "<group>";
		};
		982C494518538DC2006D78F4 /* InfoPlist.strings */ = {
			isa = PBXVariantGroup;
			children = (
				982C494618538DC2006D78F4 /* en */,
			);
			name = InfoPlist.strings;
			sourceTree = "<group>";
		};
/* End PBXVariantGroup section */

/* Begin XCBuildConfiguration section */
		982C494A18538DC2006D78F4 /* Debug */ = {
			isa = XCBuildConfiguration;
			buildSettings = {
				ALWAYS_SEARCH_USER_PATHS = NO;
				ARCHS = "$(ARCHS_STANDARD_INCLUDING_64_BIT)";
				CLANG_CXX_LANGUAGE_STANDARD = "gnu++0x";
				CLANG_CXX_LIBRARY = "libc++";
				CLANG_ENABLE_MODULES = YES;
				CLANG_ENABLE_OBJC_ARC = YES;
				CLANG_WARN_BOOL_CONVERSION = YES;
				CLANG_WARN_CONSTANT_CONVERSION = YES;
				CLANG_WARN_DIRECT_OBJC_ISA_USAGE = YES_ERROR;
				CLANG_WARN_EMPTY_BODY = YES;
				CLANG_WARN_ENUM_CONVERSION = YES;
				CLANG_WARN_INT_CONVERSION = YES;
				CLANG_WARN_OBJC_ROOT_CLASS = YES_ERROR;
				CLANG_WARN__DUPLICATE_METHOD_MATCH = YES;
				"CODE_SIGN_IDENTITY[sdk=iphoneos*]" = "iPhone Developer";
				COPY_PHASE_STRIP = NO;
				GCC_C_LANGUAGE_STANDARD = gnu99;
				GCC_DYNAMIC_NO_PIC = NO;
				GCC_OPTIMIZATION_LEVEL = 0;
				GCC_PREPROCESSOR_DEFINITIONS = (
					"DEBUG=1",
					"$(inherited)",
				);
				GCC_SYMBOLS_PRIVATE_EXTERN = NO;
				GCC_WARN_64_TO_32_BIT_CONVERSION = YES;
				GCC_WARN_ABOUT_RETURN_TYPE = YES_ERROR;
				GCC_WARN_UNDECLARED_SELECTOR = YES;
				GCC_WARN_UNINITIALIZED_AUTOS = YES;
				GCC_WARN_UNUSED_FUNCTION = YES;
				GCC_WARN_UNUSED_VARIABLE = YES;
				IPHONEOS_DEPLOYMENT_TARGET = 7.0;
				ONLY_ACTIVE_ARCH = YES;
				SDKROOT = iphoneos;
			};
			name = Debug;
		};
		982C494B18538DC2006D78F4 /* Release */ = {
			isa = XCBuildConfiguration;
			buildSettings = {
				ALWAYS_SEARCH_USER_PATHS = NO;
				ARCHS = "$(ARCHS_STANDARD_INCLUDING_64_BIT)";
				CLANG_CXX_LANGUAGE_STANDARD = "gnu++0x";
				CLANG_CXX_LIBRARY = "libc++";
				CLANG_ENABLE_MODULES = YES;
				CLANG_ENABLE_OBJC_ARC = YES;
				CLANG_WARN_BOOL_CONVERSION = YES;
				CLANG_WARN_CONSTANT_CONVERSION = YES;
				CLANG_WARN_DIRECT_OBJC_ISA_USAGE = YES_ERROR;
				CLANG_WARN_EMPTY_BODY = YES;
				CLANG_WARN_ENUM_CONVERSION = YES;
				CLANG_WARN_INT_CONVERSION = YES;
				CLANG_WARN_OBJC_ROOT_CLASS = YES_ERROR;
				CLANG_WARN__DUPLICATE_METHOD_MATCH = YES;
				"CODE_SIGN_IDENTITY[sdk=iphoneos*]" = "iPhone Developer";
				COPY_PHASE_STRIP = YES;
				ENABLE_NS_ASSERTIONS = NO;
				GCC_C_LANGUAGE_STANDARD = gnu99;
				GCC_WARN_64_TO_32_BIT_CONVERSION = YES;
				GCC_WARN_ABOUT_RETURN_TYPE = YES_ERROR;
				GCC_WARN_UNDECLARED_SELECTOR = YES;
				GCC_WARN_UNINITIALIZED_AUTOS = YES;
				GCC_WARN_UNUSED_FUNCTION = YES;
				GCC_WARN_UNUSED_VARIABLE = YES;
				IPHONEOS_DEPLOYMENT_TARGET = 7.0;
				SDKROOT = iphoneos;
				VALIDATE_PRODUCT = YES;
			};
			name = Release;
		};
		982C494D18538DC2006D78F4 /* Debug */ = {
			isa = XCBuildConfiguration;
			buildSettings = {
				ASSETCATALOG_COMPILER_APPICON_NAME = AppIcon;
				ASSETCATALOG_COMPILER_LAUNCHIMAGE_NAME = LaunchImage;
				CODE_SIGN_IDENTITY = "iPhone Developer";
				"CODE_SIGN_IDENTITY[sdk=iphoneos*]" = "iPhone Developer";
				GCC_PRECOMPILE_PREFIX_HEADER = YES;
				GCC_PREFIX_HEADER = "MyRU/MyRU-Prefix.pch";
				HEADER_SEARCH_PATHS = (
					"$(inherited)",
					/Applications/Xcode.app/Contents/Developer/Toolchains/XcodeDefault.xctoolchain/usr/include,
					"$(SDKROOT)/usr/include/libxml2",
				);
				INFOPLIST_FILE = "MyRU/MyRU-Info.plist";
				IPHONEOS_DEPLOYMENT_TARGET = 7.0;
				PRODUCT_NAME = "$(TARGET_NAME)";
				PROVISIONING_PROFILE = "";
				WRAPPER_EXTENSION = app;
			};
			name = Debug;
		};
		982C494E18538DC2006D78F4 /* Release */ = {
			isa = XCBuildConfiguration;
			buildSettings = {
				ASSETCATALOG_COMPILER_APPICON_NAME = AppIcon;
				ASSETCATALOG_COMPILER_LAUNCHIMAGE_NAME = LaunchImage;
				CODE_SIGN_IDENTITY = "iPhone Developer";
				"CODE_SIGN_IDENTITY[sdk=iphoneos*]" = "iPhone Developer";
				GCC_PRECOMPILE_PREFIX_HEADER = YES;
				GCC_PREFIX_HEADER = "MyRU/MyRU-Prefix.pch";
				HEADER_SEARCH_PATHS = (
					"$(inherited)",
					/Applications/Xcode.app/Contents/Developer/Toolchains/XcodeDefault.xctoolchain/usr/include,
					"$(SDKROOT)/usr/include/libxml2",
				);
				INFOPLIST_FILE = "MyRU/MyRU-Info.plist";
				IPHONEOS_DEPLOYMENT_TARGET = 7.0;
				PRODUCT_NAME = "$(TARGET_NAME)";
				PROVISIONING_PROFILE = "";
				WRAPPER_EXTENSION = app;
			};
			name = Release;
		};
		982C495018538DC2006D78F4 /* Debug */ = {
			isa = XCBuildConfiguration;
			buildSettings = {
				ARCHS = "$(ARCHS_STANDARD_INCLUDING_64_BIT)";
				BUNDLE_LOADER = "$(BUILT_PRODUCTS_DIR)/MyRU.app/MyRU";
				FRAMEWORK_SEARCH_PATHS = (
					"$(SDKROOT)/Developer/Library/Frameworks",
					"$(inherited)",
					"$(DEVELOPER_FRAMEWORKS_DIR)",
				);
				GCC_PRECOMPILE_PREFIX_HEADER = YES;
				GCC_PREFIX_HEADER = "MyRU/MyRU-Prefix.pch";
				GCC_PREPROCESSOR_DEFINITIONS = (
					"DEBUG=1",
					"$(inherited)",
				);
				INFOPLIST_FILE = "MyRUTests/MyRUTests-Info.plist";
				PRODUCT_NAME = "$(TARGET_NAME)";
				TEST_HOST = "$(BUNDLE_LOADER)";
				WRAPPER_EXTENSION = xctest;
			};
			name = Debug;
		};
		982C495118538DC2006D78F4 /* Release */ = {
			isa = XCBuildConfiguration;
			buildSettings = {
				ARCHS = "$(ARCHS_STANDARD_INCLUDING_64_BIT)";
				BUNDLE_LOADER = "$(BUILT_PRODUCTS_DIR)/MyRU.app/MyRU";
				FRAMEWORK_SEARCH_PATHS = (
					"$(SDKROOT)/Developer/Library/Frameworks",
					"$(inherited)",
					"$(DEVELOPER_FRAMEWORKS_DIR)",
				);
				GCC_PRECOMPILE_PREFIX_HEADER = YES;
				GCC_PREFIX_HEADER = "MyRU/MyRU-Prefix.pch";
				INFOPLIST_FILE = "MyRUTests/MyRUTests-Info.plist";
				PRODUCT_NAME = "$(TARGET_NAME)";
				TEST_HOST = "$(BUNDLE_LOADER)";
				WRAPPER_EXTENSION = xctest;
			};
			name = Release;
		};
/* End XCBuildConfiguration section */

/* Begin XCConfigurationList section */
		982C491518538DC2006D78F4 /* Build configuration list for PBXProject "MyRU" */ = {
			isa = XCConfigurationList;
			buildConfigurations = (
				982C494A18538DC2006D78F4 /* Debug */,
				982C494B18538DC2006D78F4 /* Release */,
			);
			defaultConfigurationIsVisible = 0;
			defaultConfigurationName = Release;
		};
		982C494C18538DC2006D78F4 /* Build configuration list for PBXNativeTarget "MyRU" */ = {
			isa = XCConfigurationList;
			buildConfigurations = (
				982C494D18538DC2006D78F4 /* Debug */,
				982C494E18538DC2006D78F4 /* Release */,
			);
			defaultConfigurationIsVisible = 0;
			defaultConfigurationName = Release;
		};
		982C494F18538DC2006D78F4 /* Build configuration list for PBXNativeTarget "MyRUTests" */ = {
			isa = XCConfigurationList;
			buildConfigurations = (
				982C495018538DC2006D78F4 /* Debug */,
				982C495118538DC2006D78F4 /* Release */,
			);
			defaultConfigurationIsVisible = 0;
			defaultConfigurationName = Release;
		};
/* End XCConfigurationList section */
	};
	rootObject = 982C491218538DC2006D78F4 /* Project object */;
}
